// !$*UTF8*$!
{
	archiveVersion = 1;
	classes = {
	};
	objectVersion = 46;
	objects = {

/* Begin PBXBuildFile section */
		85E71C961C5754D000935D07 /* Foundation.framework in Frameworks */ = {isa = PBXBuildFile; fileRef = 85E71C951C5754D000935D07 /* Foundation.framework */; };
		85E71C981C5754D000935D07 /* CoreGraphics.framework in Frameworks */ = {isa = PBXBuildFile; fileRef = 85E71C971C5754D000935D07 /* CoreGraphics.framework */; };
		85E71C9A1C5754D000935D07 /* UIKit.framework in Frameworks */ = {isa = PBXBuildFile; fileRef = 85E71C991C5754D000935D07 /* UIKit.framework */; };
		85E71CA01C5754D000935D07 /* InfoPlist.strings in Resources */ = {isa = PBXBuildFile; fileRef = 85E71C9E1C5754D000935D07 /* InfoPlist.strings */; };
		85E71CA21C5754D000935D07 /* main.m in Sources */ = {isa = PBXBuildFile; fileRef = 85E71CA11C5754D000935D07 /* main.m */; };
		85E71CA61C5754D000935D07 /* SQAppDelegate.m in Sources */ = {isa = PBXBuildFile; fileRef = 85E71CA51C5754D000935D07 /* SQAppDelegate.m */; };
		85E71CA91C5754D000935D07 /* Main.storyboard in Resources */ = {isa = PBXBuildFile; fileRef = 85E71CA71C5754D000935D07 /* Main.storyboard */; };
		85E71CAC1C5754D000935D07 /* SQViewController.m in Sources */ = {isa = PBXBuildFile; fileRef = 85E71CAB1C5754D000935D07 /* SQViewController.m */; };
		85E71CAE1C5754D000935D07 /* Images.xcassets in Resources */ = {isa = PBXBuildFile; fileRef = 85E71CAD1C5754D000935D07 /* Images.xcassets */; };
		85E71CB51C5754D000935D07 /* XCTest.framework in Frameworks */ = {isa = PBXBuildFile; fileRef = 85E71CB41C5754D000935D07 /* XCTest.framework */; };
		85E71CB61C5754D000935D07 /* Foundation.framework in Frameworks */ = {isa = PBXBuildFile; fileRef = 85E71C951C5754D000935D07 /* Foundation.framework */; };
		85E71CB71C5754D000935D07 /* UIKit.framework in Frameworks */ = {isa = PBXBuildFile; fileRef = 85E71C991C5754D000935D07 /* UIKit.framework */; };
		85E71CBF1C5754D000935D07 /* InfoPlist.strings in Resources */ = {isa = PBXBuildFile; fileRef = 85E71CBD1C5754D000935D07 /* InfoPlist.strings */; };
		85E71CC11C5754D000935D07 /* GCDPlusTests.m in Sources */ = {isa = PBXBuildFile; fileRef = 85E71CC01C5754D000935D07 /* GCDPlusTests.m */; };
/* End PBXBuildFile section */

/* Begin PBXContainerItemProxy section */
		85E71CB81C5754D000935D07 /* PBXContainerItemProxy */ = {
			isa = PBXContainerItemProxy;
			containerPortal = 85E71C8A1C5754D000935D07 /* Project object */;
			proxyType = 1;
			remoteGlobalIDString = 85E71C911C5754D000935D07;
			remoteInfo = GCDPlus;
		};
/* End PBXContainerItemProxy section */

/* Begin PBXFileReference section */
		85E71C921C5754D000935D07 /* GCDPlus.app */ = {isa = PBXFileReference; explicitFileType = wrapper.application; includeInIndex = 0; path = GCDPlus.app; sourceTree = BUILT_PRODUCTS_DIR; };
		85E71C951C5754D000935D07 /* Foundation.framework */ = {isa = PBXFileReference; lastKnownFileType = wrapper.framework; name = Foundation.framework; path = System/Library/Frameworks/Foundation.framework; sourceTree = SDKROOT; };
		85E71C971C5754D000935D07 /* CoreGraphics.framework */ = {isa = PBXFileReference; lastKnownFileType = wrapper.framework; name = CoreGraphics.framework; path = System/Library/Frameworks/CoreGraphics.framework; sourceTree = SDKROOT; };
		85E71C991C5754D000935D07 /* UIKit.framework */ = {isa = PBXFileReference; lastKnownFileType = wrapper.framework; name = UIKit.framework; path = System/Library/Frameworks/UIKit.framework; sourceTree = SDKROOT; };
		85E71C9D1C5754D000935D07 /* GCDPlus-Info.plist */ = {isa = PBXFileReference; lastKnownFileType = text.plist.xml; path = "GCDPlus-Info.plist"; sourceTree = "<group>"; };
		85E71C9F1C5754D000935D07 /* en */ = {isa = PBXFileReference; lastKnownFileType = text.plist.strings; name = en; path = en.lproj/InfoPlist.strings; sourceTree = "<group>"; };
		85E71CA11C5754D000935D07 /* main.m */ = {isa = PBXFileReference; lastKnownFileType = sourcecode.c.objc; path = main.m; sourceTree = "<group>"; };
		85E71CA31C5754D000935D07 /* GCDPlus-Prefix.pch */ = {isa = PBXFileReference; lastKnownFileType = sourcecode.c.h; path = "GCDPlus-Prefix.pch"; sourceTree = "<group>"; };
		85E71CA41C5754D000935D07 /* SQAppDelegate.h */ = {isa = PBXFileReference; lastKnownFileType = sourcecode.c.h; path = SQAppDelegate.h; sourceTree = "<group>"; };
		85E71CA51C5754D000935D07 /* SQAppDelegate.m */ = {isa = PBXFileReference; lastKnownFileType = sourcecode.c.objc; path = SQAppDelegate.m; sourceTree = "<group>"; };
		85E71CA81C5754D000935D07 /* Base */ = {isa = PBXFileReference; lastKnownFileType = file.storyboard; name = Base; path = Base.lproj/Main.storyboard; sourceTree = "<group>"; };
		85E71CAA1C5754D000935D07 /* SQViewController.h */ = {isa = PBXFileReference; lastKnownFileType = sourcecode.c.h; path = SQViewController.h; sourceTree = "<group>"; };
		85E71CAB1C5754D000935D07 /* SQViewController.m */ = {isa = PBXFileReference; lastKnownFileType = sourcecode.c.objc; path = SQViewController.m; sourceTree = "<group>"; };
		85E71CAD1C5754D000935D07 /* Images.xcassets */ = {isa = PBXFileReference; lastKnownFileType = folder.assetcatalog; path = Images.xcassets; sourceTree = "<group>"; };
		85E71CB31C5754D000935D07 /* GCDPlusTests.xctest */ = {isa = PBXFileReference; explicitFileType = wrapper.cfbundle; includeInIndex = 0; path = GCDPlusTests.xctest; sourceTree = BUILT_PRODUCTS_DIR; };
		85E71CB41C5754D000935D07 /* XCTest.framework */ = {isa = PBXFileReference; lastKnownFileType = wrapper.framework; name = XCTest.framework; path = Library/Frameworks/XCTest.framework; sourceTree = DEVELOPER_DIR; };
		85E71CBC1C5754D000935D07 /* GCDPlusTests-Info.plist */ = {isa = PBXFileReference; lastKnownFileType = text.plist.xml; path = "GCDPlusTests-Info.plist"; sourceTree = "<group>"; };
		85E71CBE1C5754D000935D07 /* en */ = {isa = PBXFileReference; lastKnownFileType = text.plist.strings; name = en; path = en.lproj/InfoPlist.strings; sourceTree = "<group>"; };
		85E71CC01C5754D000935D07 /* GCDPlusTests.m */ = {isa = PBXFileReference; lastKnownFileType = sourcecode.c.objc; path = GCDPlusTests.m; sourceTree = "<group>"; };
/* End PBXFileReference section */

/* Begin PBXFrameworksBuildPhase section */
		85E71C8F1C5754D000935D07 /* Frameworks */ = {
			isa = PBXFrameworksBuildPhase;
			buildActionMask = 2147483647;
			files = (
				85E71C981C5754D000935D07 /* CoreGraphics.framework in Frameworks */,
				85E71C9A1C5754D000935D07 /* UIKit.framework in Frameworks */,
				85E71C961C5754D000935D07 /* Foundation.framework in Frameworks */,
			);
			runOnlyForDeploymentPostprocessing = 0;
		};
		85E71CB01C5754D000935D07 /* Frameworks */ = {
			isa = PBXFrameworksBuildPhase;
			buildActionMask = 2147483647;
			files = (
				85E71CB51C5754D000935D07 /* XCTest.framework in Frameworks */,
				85E71CB71C5754D000935D07 /* UIKit.framework in Frameworks */,
				85E71CB61C5754D000935D07 /* Foundation.framework in Frameworks */,
			);
			runOnlyForDeploymentPostprocessing = 0;
		};
/* End PBXFrameworksBuildPhase section */

/* Begin PBXGroup section */
		85E71C891C5754D000935D07 = {
			isa = PBXGroup;
			children = (
				85E71C9B1C5754D000935D07 /* GCDPlus */,
				85E71CBA1C5754D000935D07 /* GCDPlusTests */,
				85E71C941C5754D000935D07 /* Frameworks */,
				85E71C931C5754D000935D07 /* Products */,
			);
			sourceTree = "<group>";
		};
		85E71C931C5754D000935D07 /* Products */ = {
			isa = PBXGroup;
			children = (
				85E71C921C5754D000935D07 /* GCDPlus.app */,
				85E71CB31C5754D000935D07 /* GCDPlusTests.xctest */,
			);
			name = Products;
			sourceTree = "<group>";
		};
		85E71C941C5754D000935D07 /* Frameworks */ = {
			isa = PBXGroup;
			children = (
				85E71C951C5754D000935D07 /* Foundation.framework */,
				85E71C971C5754D000935D07 /* CoreGraphics.framework */,
				85E71C991C5754D000935D07 /* UIKit.framework */,
				85E71CB41C5754D000935D07 /* XCTest.framework */,
			);
			name = Frameworks;
			sourceTree = "<group>";
		};
		85E71C9B1C5754D000935D07 /* GCDPlus */ = {
			isa = PBXGroup;
			children = (
				85E71CA41C5754D000935D07 /* SQAppDelegate.h */,
				85E71CA51C5754D000935D07 /* SQAppDelegate.m */,
				85E71CA71C5754D000935D07 /* Main.storyboard */,
				85E71CAA1C5754D000935D07 /* SQViewController.h */,
				85E71CAB1C5754D000935D07 /* SQViewController.m */,
				85E71CAD1C5754D000935D07 /* Images.xcassets */,
				85E71C9C1C5754D000935D07 /* Supporting Files */,
			);
			path = GCDPlus;
			sourceTree = "<group>";
		};
		85E71C9C1C5754D000935D07 /* Supporting Files */ = {
			isa = PBXGroup;
			children = (
				85E71C9D1C5754D000935D07 /* GCDPlus-Info.plist */,
				85E71C9E1C5754D000935D07 /* InfoPlist.strings */,
				85E71CA11C5754D000935D07 /* main.m */,
				85E71CA31C5754D000935D07 /* GCDPlus-Prefix.pch */,
			);
			name = "Supporting Files";
			sourceTree = "<group>";
		};
		85E71CBA1C5754D000935D07 /* GCDPlusTests */ = {
			isa = PBXGroup;
			children = (
				85E71CC01C5754D000935D07 /* GCDPlusTests.m */,
				85E71CBB1C5754D000935D07 /* Supporting Files */,
			);
			path = GCDPlusTests;
			sourceTree = "<group>";
		};
		85E71CBB1C5754D000935D07 /* Supporting Files */ = {
			isa = PBXGroup;
			children = (
				85E71CBC1C5754D000935D07 /* GCDPlusTests-Info.plist */,
				85E71CBD1C5754D000935D07 /* InfoPlist.strings */,
			);
			name = "Supporting Files";
			sourceTree = "<group>";
		};
/* End PBXGroup section */

/* Begin PBXNativeTarget section */
		85E71C911C5754D000935D07 /* GCDPlus */ = {
			isa = PBXNativeTarget;
			buildConfigurationList = 85E71CC41C5754D000935D07 /* Build configuration list for PBXNativeTarget "GCDPlus" */;
			buildPhases = (
				85E71C8E1C5754D000935D07 /* Sources */,
				85E71C8F1C5754D000935D07 /* Frameworks */,
				85E71C901C5754D000935D07 /* Resources */,
			);
			buildRules = (
			);
			dependencies = (
			);
			name = GCDPlus;
			productName = GCDPlus;
			productReference = 85E71C921C5754D000935D07 /* GCDPlus.app */;
			productType = "com.apple.product-type.application";
		};
		85E71CB21C5754D000935D07 /* GCDPlusTests */ = {
			isa = PBXNativeTarget;
			buildConfigurationList = 85E71CC71C5754D000935D07 /* Build configuration list for PBXNativeTarget "GCDPlusTests" */;
			buildPhases = (
				85E71CAF1C5754D000935D07 /* Sources */,
				85E71CB01C5754D000935D07 /* Frameworks */,
				85E71CB11C5754D000935D07 /* Resources */,
			);
			buildRules = (
			);
			dependencies = (
				85E71CB91C5754D000935D07 /* PBXTargetDependency */,
			);
			name = GCDPlusTests;
			productName = GCDPlusTests;
			productReference = 85E71CB31C5754D000935D07 /* GCDPlusTests.xctest */;
			productType = "com.apple.product-type.bundle.unit-test";
		};
/* End PBXNativeTarget section */

/* Begin PBXProject section */
		85E71C8A1C5754D000935D07 /* Project object */ = {
			isa = PBXProject;
			attributes = {
				CLASSPREFIX = SQ;
				LastUpgradeCheck = 0510;
				ORGANIZATIONNAME = "QQ:565007544";
				TargetAttributes = {
					85E71CB21C5754D000935D07 = {
						TestTargetID = 85E71C911C5754D000935D07;
					};
				};
			};
			buildConfigurationList = 85E71C8D1C5754D000935D07 /* Build configuration list for PBXProject "GCDPlus" */;
			compatibilityVersion = "Xcode 3.2";
			developmentRegion = English;
			hasScannedForEncodings = 0;
			knownRegions = (
				en,
				Base,
			);
			mainGroup = 85E71C891C5754D000935D07;
			productRefGroup = 85E71C931C5754D000935D07 /* Products */;
			projectDirPath = "";
			projectRoot = "";
			targets = (
				85E71C911C5754D000935D07 /* GCDPlus */,
				85E71CB21C5754D000935D07 /* GCDPlusTests */,
			);
		};
/* End PBXProject section */

/* Begin PBXResourcesBuildPhase section */
		85E71C901C5754D000935D07 /* Resources */ = {
			isa = PBXResourcesBuildPhase;
			buildActionMask = 2147483647;
			files = (
				85E71CAE1C5754D000935D07 /* Images.xcassets in Resources */,
				85E71CA01C5754D000935D07 /* InfoPlist.strings in Resources */,
				85E71CA91C5754D000935D07 /* Main.storyboard in Resources */,
			);
			runOnlyForDeploymentPostprocessing = 0;
		};
		85E71CB11C5754D000935D07 /* Resources */ = {
			isa = PBXResourcesBuildPhase;
			buildActionMask = 2147483647;
			files = (
				85E71CBF1C5754D000935D07 /* InfoPlist.strings in Resources */,
			);
			runOnlyForDeploymentPostprocessing = 0;
		};
/* End PBXResourcesBuildPhase section */

/* Begin PBXSourcesBuildPhase section */
		85E71C8E1C5754D000935D07 /* Sources */ = {
			isa = PBXSourcesBuildPhase;
			buildActionMask = 2147483647;
			files = (
				85E71CA61C5754D000935D07 /* SQAppDelegate.m in Sources */,
				85E71CAC1C5754D000935D07 /* SQViewController.m in Sources */,
				85E71CA21C5754D000935D07 /* main.m in Sources */,
			);
			runOnlyForDeploymentPostprocessing = 0;
		};
		85E71CAF1C5754D000935D07 /* Sources */ = {
			isa = PBXSourcesBuildPhase;
			buildActionMask = 2147483647;
			files = (
				85E71CC11C5754D000935D07 /* GCDPlusTests.m in Sources */,
			);
			runOnlyForDeploymentPostprocessing = 0;
		};
/* End PBXSourcesBuildPhase section */

/* Begin PBXTargetDependency section */
		85E71CB91C5754D000935D07 /* PBXTargetDependency */ = {
			isa = PBXTargetDependency;
			target = 85E71C911C5754D000935D07 /* GCDPlus */;
			targetProxy = 85E71CB81C5754D000935D07 /* PBXContainerItemProxy */;
		};
/* End PBXTargetDependency section */

/* Begin PBXVariantGroup section */
		85E71C9E1C5754D000935D07 /* InfoPlist.strings */ = {
			isa = PBXVariantGroup;
			children = (
				85E71C9F1C5754D000935D07 /* en */,
			);
			name = InfoPlist.strings;
			sourceTree = "<group>";
		};
		85E71CA71C5754D000935D07 /* Main.storyboard */ = {
			isa = PBXVariantGroup;
			children = (
				85E71CA81C5754D000935D07 /* Base */,
			);
			name = Main.storyboard;
			sourceTree = "<group>";
		};
		85E71CBD1C5754D000935D07 /* InfoPlist.strings */ = {
			isa = PBXVariantGroup;
			children = (
				85E71CBE1C5754D000935D07 /* en */,
			);
			name = InfoPlist.strings;
			sourceTree = "<group>";
		};
/* End PBXVariantGroup section */

/* Begin XCBuildConfiguration section */
		85E71CC21C5754D000935D07 /* Debug */ = {
			isa = XCBuildConfiguration;
			buildSettings = {
				ALWAYS_SEARCH_USER_PATHS = NO;
				CLANG_CXX_LANGUAGE_STANDARD = "gnu++0x";
				CLANG_CXX_LIBRARY = "libc++";
				CLANG_ENABLE_MODULES = YES;
				CLANG_ENABLE_OBJC_ARC = YES;
				CLANG_WARN_BOOL_CONVERSION = YES;
				CLANG_WARN_CONSTANT_CONVERSION = YES;
				CLANG_WARN_DIRECT_OBJC_ISA_USAGE = YES_ERROR;
				CLANG_WARN_EMPTY_BODY = YES;
				CLANG_WARN_ENUM_CONVERSION = YES;
				CLANG_WARN_INT_CONVERSION = YES;
				CLANG_WARN_OBJC_ROOT_CLASS = YES_ERROR;
				CLANG_WARN__DUPLICATE_METHOD_MATCH = YES;
				"CODE_SIGN_IDENTITY[sdk=iphoneos*]" = "iPhone Developer";
				COPY_PHASE_STRIP = NO;
				GCC_C_LANGUAGE_STANDARD = gnu99;
				GCC_DYNAMIC_NO_PIC = NO;
				GCC_OPTIMIZATION_LEVEL = 0;
				GCC_PREPROCESSOR_DEFINITIONS = (
					"DEBUG=1",
					"$(inherited)",
				);
				GCC_SYMBOLS_PRIVATE_EXTERN = NO;
				GCC_WARN_64_TO_32_BIT_CONVERSION = YES;
				GCC_WARN_ABOUT_RETURN_TYPE = YES_ERROR;
				GCC_WARN_UNDECLARED_SELECTOR = YES;
				GCC_WARN_UNINITIALIZED_AUTOS = YES_AGGRESSIVE;
				GCC_WARN_UNUSED_FUNCTION = YES;
				GCC_WARN_UNUSED_VARIABLE = YES;
				IPHONEOS_DEPLOYMENT_TARGET = 7.1;
				ONLY_ACTIVE_ARCH = YES;
				SDKROOT = iphoneos;
			};
			name = Debug;
		};
		85E71CC31C5754D000935D07 /* Release */ = {
			isa = XCBuildConfiguration;
			buildSettings = {
				ALWAYS_SEARCH_USER_PATHS = NO;
				CLANG_CXX_LANGUAGE_STANDARD = "gnu++0x";
				CLANG_CXX_LIBRARY = "libc++";
				CLANG_ENABLE_MODULES = YES;
				CLANG_ENABLE_OBJC_ARC = YES;
				CLANG_WARN_BOOL_CONVERSION = YES;
				CLANG_WARN_CONSTANT_CONVERSION = YES;
				CLANG_WARN_DIRECT_OBJC_ISA_USAGE = YES_ERROR;
				CLANG_WARN_EMPTY_BODY = YES;
				CLANG_WARN_ENUM_CONVERSION = YES;
				CLANG_WARN_INT_CONVERSION = YES;
				CLANG_WARN_OBJC_ROOT_CLASS = YES_ERROR;
				CLANG_WARN__DUPLICATE_METHOD_MATCH = YES;
				"CODE_SIGN_IDENTITY[sdk=iphoneos*]" = "iPhone Developer";
				COPY_PHASE_STRIP = YES;
				ENABLE_NS_ASSERTIONS = NO;
				GCC_C_LANGUAGE_STANDARD = gnu99;
				GCC_WARN_64_TO_32_BIT_CONVERSION = YES;
				GCC_WARN_ABOUT_RETURN_TYPE = YES_ERROR;
				GCC_WARN_UNDECLARED_SELECTOR = YES;
				GCC_WARN_UNINITIALIZED_AUTOS = YES_AGGRESSIVE;
				GCC_WARN_UNUSED_FUNCTION = YES;
				GCC_WARN_UNUSED_VARIABLE = YES;
				IPHONEOS_DEPLOYMENT_TARGET = 7.1;
				SDKROOT = iphoneos;
				VALIDATE_PRODUCT = YES;
			};
			name = Release;
		};
		85E71CC51C5754D000935D07 /* Debug */ = {
			isa = XCBuildConfiguration;
			buildSettings = {
				ASSETCATALOG_COMPILER_APPICON_NAME = AppIcon;
				ASSETCATALOG_COMPILER_LAUNCHIMAGE_NAME = LaunchImage;
				GCC_PRECOMPILE_PREFIX_HEADER = YES;
				GCC_PREFIX_HEADER = "GCDPlus/GCDPlus-Prefix.pch";
				INFOPLIST_FILE = "GCDPlus/GCDPlus-Info.plist";
				PRODUCT_NAME = "$(TARGET_NAME)";
				WRAPPER_EXTENSION = app;
			};
			name = Debug;
		};
		85E71CC61C5754D000935D07 /* Release */ = {
			isa = XCBuildConfiguration;
			buildSettings = {
				ASSETCATALOG_COMPILER_APPICON_NAME = AppIcon;
				ASSETCATALOG_COMPILER_LAUNCHIMAGE_NAME = LaunchImage;
				GCC_PRECOMPILE_PREFIX_HEADER = YES;
				GCC_PREFIX_HEADER = "GCDPlus/GCDPlus-Prefix.pch";
				INFOPLIST_FILE = "GCDPlus/GCDPlus-Info.plist";
				PRODUCT_NAME = "$(TARGET_NAME)";
				WRAPPER_EXTENSION = app;
			};
			name = Release;
		};
		85E71CC81C5754D000935D07 /* Debug */ = {
			isa = XCBuildConfiguration;
			buildSettings = {
				BUNDLE_LOADER = "$(BUILT_PRODUCTS_DIR)/GCDPlus.app/GCDPlus";
				FRAMEWORK_SEARCH_PATHS = (
					"$(SDKROOT)/Developer/Library/Frameworks",
					"$(inherited)",
					"$(DEVELOPER_FRAMEWORKS_DIR)",
				);
				GCC_PRECOMPILE_PREFIX_HEADER = YES;
				GCC_PREFIX_HEADER = "GCDPlus/GCDPlus-Prefix.pch";
				GCC_PREPROCESSOR_DEFINITIONS = (
					"DEBUG=1",
					"$(inherited)",
				);
				INFOPLIST_FILE = "GCDPlusTests/GCDPlusTests-Info.plist";
				PRODUCT_NAME = "$(TARGET_NAME)";
				TEST_HOST = "$(BUNDLE_LOADER)";
				WRAPPER_EXTENSION = xctest;
			};
			name = Debug;
		};
		85E71CC91C5754D000935D07 /* Release */ = {
			isa = XCBuildConfiguration;
			buildSettings = {
				BUNDLE_LOADER = "$(BUILT_PRODUCTS_DIR)/GCDPlus.app/GCDPlus";
				FRAMEWORK_SEARCH_PATHS = (
					"$(SDKROOT)/Developer/Library/Frameworks",
					"$(inherited)",
					"$(DEVELOPER_FRAMEWORKS_DIR)",
				);
				GCC_PRECOMPILE_PREFIX_HEADER = YES;
				GCC_PREFIX_HEADER = "GCDPlus/GCDPlus-Prefix.pch";
				INFOPLIST_FILE = "GCDPlusTests/GCDPlusTests-Info.plist";
				PRODUCT_NAME = "$(TARGET_NAME)";
				TEST_HOST = "$(BUNDLE_LOADER)";
				WRAPPER_EXTENSION = xctest;
			};
			name = Release;
		};
/* End XCBuildConfiguration section */

/* Begin XCConfigurationList section */
		85E71C8D1C5754D000935D07 /* Build configuration list for PBXProject "GCDPlus" */ = {
			isa = XCConfigurationList;
			buildConfigurations = (
				85E71CC21C5754D000935D07 /* Debug */,
				85E71CC31C5754D000935D07 /* Release */,
			);
			defaultConfigurationIsVisible = 0;
			defaultConfigurationName = Release;
		};
		85E71CC41C5754D000935D07 /* Build configuration list for PBXNativeTarget "GCDPlus" */ = {
			isa = XCConfigurationList;
			buildConfigurations = (
				85E71CC51C5754D000935D07 /* Debug */,
				85E71CC61C5754D000935D07 /* Release */,
			);
			defaultConfigurationIsVisible = 0;
		};
		85E71CC71C5754D000935D07 /* Build configuration list for PBXNativeTarget "GCDPlusTests" */ = {
			isa = XCConfigurationList;
			buildConfigurations = (
				85E71CC81C5754D000935D07 /* Debug */,
				85E71CC91C5754D000935D07 /* Release */,
			);
			defaultConfigurationIsVisible = 0;
		};
/* End XCConfigurationList section */
	};
	rootObject = 85E71C8A1C5754D000935D07 /* Project object */;
}
