// !$*UTF8*$!
{
	archiveVersion = 1;
	classes = {
	};
	objectVersion = 46;
	objects = {

/* Begin PBXBuildFile section */
		851662421C5705ED00F44DB7 /* Foundation.framework in Frameworks */ = {isa = PBXBuildFile; fileRef = 851662411C5705ED00F44DB7 /* Foundation.framework */; };
		851662441C5705ED00F44DB7 /* CoreGraphics.framework in Frameworks */ = {isa = PBXBuildFile; fileRef = 851662431C5705ED00F44DB7 /* CoreGraphics.framework */; };
		851662461C5705ED00F44DB7 /* UIKit.framework in Frameworks */ = {isa = PBXBuildFile; fileRef = 851662451C5705ED00F44DB7 /* UIKit.framework */; };
		8516624C1C5705ED00F44DB7 /* InfoPlist.strings in Resources */ = {isa = PBXBuildFile; fileRef = 8516624A1C5705ED00F44DB7 /* InfoPlist.strings */; };
		8516624E1C5705ED00F44DB7 /* main.m in Sources */ = {isa = PBXBuildFile; fileRef = 8516624D1C5705ED00F44DB7 /* main.m */; };
		851662521C5705ED00F44DB7 /* SQAppDelegate.m in Sources */ = {isa = PBXBuildFile; fileRef = 851662511C5705ED00F44DB7 /* SQAppDelegate.m */; };
		851662541C5705ED00F44DB7 /* Images.xcassets in Resources */ = {isa = PBXBuildFile; fileRef = 851662531C5705ED00F44DB7 /* Images.xcassets */; };
		8516625B1C5705EE00F44DB7 /* XCTest.framework in Frameworks */ = {isa = PBXBuildFile; fileRef = 8516625A1C5705EE00F44DB7 /* XCTest.framework */; };
		8516625C1C5705EE00F44DB7 /* Foundation.framework in Frameworks */ = {isa = PBXBuildFile; fileRef = 851662411C5705ED00F44DB7 /* Foundation.framework */; };
		8516625D1C5705EE00F44DB7 /* UIKit.framework in Frameworks */ = {isa = PBXBuildFile; fileRef = 851662451C5705ED00F44DB7 /* UIKit.framework */; };
		851662651C5705EE00F44DB7 /* InfoPlist.strings in Resources */ = {isa = PBXBuildFile; fileRef = 851662631C5705EE00F44DB7 /* InfoPlist.strings */; };
		851662671C5705EE00F44DB7 /* GCDTests.m in Sources */ = {isa = PBXBuildFile; fileRef = 851662661C5705EE00F44DB7 /* GCDTests.m */; };
/* End PBXBuildFile section */

/* Begin PBXContainerItemProxy section */
		8516625E1C5705EE00F44DB7 /* PBXContainerItemProxy */ = {
			isa = PBXContainerItemProxy;
			containerPortal = 851662361C5705ED00F44DB7 /* Project object */;
			proxyType = 1;
			remoteGlobalIDString = 8516623D1C5705ED00F44DB7;
			remoteInfo = GCD;
		};
/* End PBXContainerItemProxy section */

/* Begin PBXFileReference section */
		8516623E1C5705ED00F44DB7 /* GCD.app */ = {isa = PBXFileReference; explicitFileType = wrapper.application; includeInIndex = 0; path = GCD.app; sourceTree = BUILT_PRODUCTS_DIR; };
		851662411C5705ED00F44DB7 /* Foundation.framework */ = {isa = PBXFileReference; lastKnownFileType = wrapper.framework; name = Foundation.framework; path = System/Library/Frameworks/Foundation.framework; sourceTree = SDKROOT; };
		851662431C5705ED00F44DB7 /* CoreGraphics.framework */ = {isa = PBXFileReference; lastKnownFileType = wrapper.framework; name = CoreGraphics.framework; path = System/Library/Frameworks/CoreGraphics.framework; sourceTree = SDKROOT; };
		851662451C5705ED00F44DB7 /* UIKit.framework */ = {isa = PBXFileReference; lastKnownFileType = wrapper.framework; name = UIKit.framework; path = System/Library/Frameworks/UIKit.framework; sourceTree = SDKROOT; };
		851662491C5705ED00F44DB7 /* GCD-Info.plist */ = {isa = PBXFileReference; lastKnownFileType = text.plist.xml; path = "GCD-Info.plist"; sourceTree = "<group>"; };
		8516624B1C5705ED00F44DB7 /* en */ = {isa = PBXFileReference; lastKnownFileType = text.plist.strings; name = en; path = en.lproj/InfoPlist.strings; sourceTree = "<group>"; };
		8516624D1C5705ED00F44DB7 /* main.m */ = {isa = PBXFileReference; lastKnownFileType = sourcecode.c.objc; path = main.m; sourceTree = "<group>"; };
		8516624F1C5705ED00F44DB7 /* GCD-Prefix.pch */ = {isa = PBXFileReference; lastKnownFileType = sourcecode.c.h; path = "GCD-Prefix.pch"; sourceTree = "<group>"; };
		851662501C5705ED00F44DB7 /* SQAppDelegate.h */ = {isa = PBXFileReference; lastKnownFileType = sourcecode.c.h; path = SQAppDelegate.h; sourceTree = "<group>"; };
		851662511C5705ED00F44DB7 /* SQAppDelegate.m */ = {isa = PBXFileReference; lastKnownFileType = sourcecode.c.objc; path = SQAppDelegate.m; sourceTree = "<group>"; };
		851662531C5705ED00F44DB7 /* Images.xcassets */ = {isa = PBXFileReference; lastKnownFileType = folder.assetcatalog; path = Images.xcassets; sourceTree = "<group>"; };
		851662591C5705EE00F44DB7 /* GCDTests.xctest */ = {isa = PBXFileReference; explicitFileType = wrapper.cfbundle; includeInIndex = 0; path = GCDTests.xctest; sourceTree = BUILT_PRODUCTS_DIR; };
		8516625A1C5705EE00F44DB7 /* XCTest.framework */ = {isa = PBXFileReference; lastKnownFileType = wrapper.framework; name = XCTest.framework; path = Library/Frameworks/XCTest.framework; sourceTree = DEVELOPER_DIR; };
		851662621C5705EE00F44DB7 /* GCDTests-Info.plist */ = {isa = PBXFileReference; lastKnownFileType = text.plist.xml; path = "GCDTests-Info.plist"; sourceTree = "<group>"; };
		851662641C5705EE00F44DB7 /* en */ = {isa = PBXFileReference; lastKnownFileType = text.plist.strings; name = en; path = en.lproj/InfoPlist.strings; sourceTree = "<group>"; };
		851662661C5705EE00F44DB7 /* GCDTests.m */ = {isa = PBXFileReference; lastKnownFileType = sourcecode.c.objc; path = GCDTests.m; sourceTree = "<group>"; };
/* End PBXFileReference section */

/* Begin PBXFrameworksBuildPhase section */
		8516623B1C5705ED00F44DB7 /* Frameworks */ = {
			isa = PBXFrameworksBuildPhase;
			buildActionMask = 2147483647;
			files = (
				851662441C5705ED00F44DB7 /* CoreGraphics.framework in Frameworks */,
				851662461C5705ED00F44DB7 /* UIKit.framework in Frameworks */,
				851662421C5705ED00F44DB7 /* Foundation.framework in Frameworks */,
			);
			runOnlyForDeploymentPostprocessing = 0;
		};
		851662561C5705EE00F44DB7 /* Frameworks */ = {
			isa = PBXFrameworksBuildPhase;
			buildActionMask = 2147483647;
			files = (
				8516625B1C5705EE00F44DB7 /* XCTest.framework in Frameworks */,
				8516625D1C5705EE00F44DB7 /* UIKit.framework in Frameworks */,
				8516625C1C5705EE00F44DB7 /* Foundation.framework in Frameworks */,
			);
			runOnlyForDeploymentPostprocessing = 0;
		};
/* End PBXFrameworksBuildPhase section */

/* Begin PBXGroup section */
		851662351C5705ED00F44DB7 = {
			isa = PBXGroup;
			children = (
				851662471C5705ED00F44DB7 /* GCD */,
				851662601C5705EE00F44DB7 /* GCDTests */,
				851662401C5705ED00F44DB7 /* Frameworks */,
				8516623F1C5705ED00F44DB7 /* Products */,
			);
			sourceTree = "<group>";
		};
		8516623F1C5705ED00F44DB7 /* Products */ = {
			isa = PBXGroup;
			children = (
				8516623E1C5705ED00F44DB7 /* GCD.app */,
				851662591C5705EE00F44DB7 /* GCDTests.xctest */,
			);
			name = Products;
			sourceTree = "<group>";
		};
		851662401C5705ED00F44DB7 /* Frameworks */ = {
			isa = PBXGroup;
			children = (
				851662411C5705ED00F44DB7 /* Foundation.framework */,
				851662431C5705ED00F44DB7 /* CoreGraphics.framework */,
				851662451C5705ED00F44DB7 /* UIKit.framework */,
				8516625A1C5705EE00F44DB7 /* XCTest.framework */,
			);
			name = Frameworks;
			sourceTree = "<group>";
		};
		851662471C5705ED00F44DB7 /* GCD */ = {
			isa = PBXGroup;
			children = (
				851662501C5705ED00F44DB7 /* SQAppDelegate.h */,
				851662511C5705ED00F44DB7 /* SQAppDelegate.m */,
				851662531C5705ED00F44DB7 /* Images.xcassets */,
				851662481C5705ED00F44DB7 /* Supporting Files */,
			);
			path = GCD;
			sourceTree = "<group>";
		};
		851662481C5705ED00F44DB7 /* Supporting Files */ = {
			isa = PBXGroup;
			children = (
				851662491C5705ED00F44DB7 /* GCD-Info.plist */,
				8516624A1C5705ED00F44DB7 /* InfoPlist.strings */,
				8516624D1C5705ED00F44DB7 /* main.m */,
				8516624F1C5705ED00F44DB7 /* GCD-Prefix.pch */,
			);
			name = "Supporting Files";
			sourceTree = "<group>";
		};
		851662601C5705EE00F44DB7 /* GCDTests */ = {
			isa = PBXGroup;
			children = (
				851662661C5705EE00F44DB7 /* GCDTests.m */,
				851662611C5705EE00F44DB7 /* Supporting Files */,
			);
			path = GCDTests;
			sourceTree = "<group>";
		};
		851662611C5705EE00F44DB7 /* Supporting Files */ = {
			isa = PBXGroup;
			children = (
				851662621C5705EE00F44DB7 /* GCDTests-Info.plist */,
				851662631C5705EE00F44DB7 /* InfoPlist.strings */,
			);
			name = "Supporting Files";
			sourceTree = "<group>";
		};
/* End PBXGroup section */

/* Begin PBXNativeTarget section */
		8516623D1C5705ED00F44DB7 /* GCD */ = {
			isa = PBXNativeTarget;
			buildConfigurationList = 8516626A1C5705EE00F44DB7 /* Build configuration list for PBXNativeTarget "GCD" */;
			buildPhases = (
				8516623A1C5705ED00F44DB7 /* Sources */,
				8516623B1C5705ED00F44DB7 /* Frameworks */,
				8516623C1C5705ED00F44DB7 /* Resources */,
			);
			buildRules = (
			);
			dependencies = (
			);
			name = GCD;
			productName = GCD;
			productReference = 8516623E1C5705ED00F44DB7 /* GCD.app */;
			productType = "com.apple.product-type.application";
		};
		851662581C5705EE00F44DB7 /* GCDTests */ = {
			isa = PBXNativeTarget;
			buildConfigurationList = 8516626D1C5705EE00F44DB7 /* Build configuration list for PBXNativeTarget "GCDTests" */;
			buildPhases = (
				851662551C5705EE00F44DB7 /* Sources */,
				851662561C5705EE00F44DB7 /* Frameworks */,
				851662571C5705EE00F44DB7 /* Resources */,
			);
			buildRules = (
			);
			dependencies = (
				8516625F1C5705EE00F44DB7 /* PBXTargetDependency */,
			);
			name = GCDTests;
			productName = GCDTests;
			productReference = 851662591C5705EE00F44DB7 /* GCDTests.xctest */;
			productType = "com.apple.product-type.bundle.unit-test";
		};
/* End PBXNativeTarget section */

/* Begin PBXProject section */
		851662361C5705ED00F44DB7 /* Project object */ = {
			isa = PBXProject;
			attributes = {
				CLASSPREFIX = SQ;
				LastUpgradeCheck = 0510;
				ORGANIZATIONNAME = "QQ:565007544";
				TargetAttributes = {
					851662581C5705EE00F44DB7 = {
						TestTargetID = 8516623D1C5705ED00F44DB7;
					};
				};
			};
			buildConfigurationList = 851662391C5705ED00F44DB7 /* Build configuration list for PBXProject "GCD" */;
			compatibilityVersion = "Xcode 3.2";
			developmentRegion = English;
			hasScannedForEncodings = 0;
			knownRegions = (
				en,
			);
			mainGroup = 851662351C5705ED00F44DB7;
			productRefGroup = 8516623F1C5705ED00F44DB7 /* Products */;
			projectDirPath = "";
			projectRoot = "";
			targets = (
				8516623D1C5705ED00F44DB7 /* GCD */,
				851662581C5705EE00F44DB7 /* GCDTests */,
			);
		};
/* End PBXProject section */

/* Begin PBXResourcesBuildPhase section */
		8516623C1C5705ED00F44DB7 /* Resources */ = {
			isa = PBXResourcesBuildPhase;
			buildActionMask = 2147483647;
			files = (
				8516624C1C5705ED00F44DB7 /* InfoPlist.strings in Resources */,
				851662541C5705ED00F44DB7 /* Images.xcassets in Resources */,
			);
			runOnlyForDeploymentPostprocessing = 0;
		};
		851662571C5705EE00F44DB7 /* Resources */ = {
			isa = PBXResourcesBuildPhase;
			buildActionMask = 2147483647;
			files = (
				851662651C5705EE00F44DB7 /* InfoPlist.strings in Resources */,
			);
			runOnlyForDeploymentPostprocessing = 0;
		};
/* End PBXResourcesBuildPhase section */

/* Begin PBXSourcesBuildPhase section */
		8516623A1C5705ED00F44DB7 /* Sources */ = {
			isa = PBXSourcesBuildPhase;
			buildActionMask = 2147483647;
			files = (
				851662521C5705ED00F44DB7 /* SQAppDelegate.m in Sources */,
				8516624E1C5705ED00F44DB7 /* main.m in Sources */,
			);
			runOnlyForDeploymentPostprocessing = 0;
		};
		851662551C5705EE00F44DB7 /* Sources */ = {
			isa = PBXSourcesBuildPhase;
			buildActionMask = 2147483647;
			files = (
				851662671C5705EE00F44DB7 /* GCDTests.m in Sources */,
			);
			runOnlyForDeploymentPostprocessing = 0;
		};
/* End PBXSourcesBuildPhase section */

/* Begin PBXTargetDependency section */
		8516625F1C5705EE00F44DB7 /* PBXTargetDependency */ = {
			isa = PBXTargetDependency;
			target = 8516623D1C5705ED00F44DB7 /* GCD */;
			targetProxy = 8516625E1C5705EE00F44DB7 /* PBXContainerItemProxy */;
		};
/* End PBXTargetDependency section */

/* Begin PBXVariantGroup section */
		8516624A1C5705ED00F44DB7 /* InfoPlist.strings */ = {
			isa = PBXVariantGroup;
			children = (
				8516624B1C5705ED00F44DB7 /* en */,
			);
			name = InfoPlist.strings;
			sourceTree = "<group>";
		};
		851662631C5705EE00F44DB7 /* InfoPlist.strings */ = {
			isa = PBXVariantGroup;
			children = (
				851662641C5705EE00F44DB7 /* en */,
			);
			name = InfoPlist.strings;
			sourceTree = "<group>";
		};
/* End PBXVariantGroup section */

/* Begin XCBuildConfiguration section */
		851662681C5705EE00F44DB7 /* Debug */ = {
			isa = XCBuildConfiguration;
			buildSettings = {
				ALWAYS_SEARCH_USER_PATHS = NO;
				CLANG_CXX_LANGUAGE_STANDARD = "gnu++0x";
				CLANG_CXX_LIBRARY = "libc++";
				CLANG_ENABLE_MODULES = YES;
				CLANG_ENABLE_OBJC_ARC = YES;
				CLANG_WARN_BOOL_CONVERSION = YES;
				CLANG_WARN_CONSTANT_CONVERSION = YES;
				CLANG_WARN_DIRECT_OBJC_ISA_USAGE = YES_ERROR;
				CLANG_WARN_EMPTY_BODY = YES;
				CLANG_WARN_ENUM_CONVERSION = YES;
				CLANG_WARN_INT_CONVERSION = YES;
				CLANG_WARN_OBJC_ROOT_CLASS = YES_ERROR;
				CLANG_WARN__DUPLICATE_METHOD_MATCH = YES;
				"CODE_SIGN_IDENTITY[sdk=iphoneos*]" = "iPhone Developer";
				COPY_PHASE_STRIP = NO;
				GCC_C_LANGUAGE_STANDARD = gnu99;
				GCC_DYNAMIC_NO_PIC = NO;
				GCC_OPTIMIZATION_LEVEL = 0;
				GCC_PREPROCESSOR_DEFINITIONS = (
					"DEBUG=1",
					"$(inherited)",
				);
				GCC_SYMBOLS_PRIVATE_EXTERN = NO;
				GCC_WARN_64_TO_32_BIT_CONVERSION = YES;
				GCC_WARN_ABOUT_RETURN_TYPE = YES_ERROR;
				GCC_WARN_UNDECLARED_SELECTOR = YES;
				GCC_WARN_UNINITIALIZED_AUTOS = YES_AGGRESSIVE;
				GCC_WARN_UNUSED_FUNCTION = YES;
				GCC_WARN_UNUSED_VARIABLE = YES;
				IPHONEOS_DEPLOYMENT_TARGET = 7.1;
				ONLY_ACTIVE_ARCH = YES;
				SDKROOT = iphoneos;
			};
			name = Debug;
		};
		851662691C5705EE00F44DB7 /* Release */ = {
			isa = XCBuildConfiguration;
			buildSettings = {
				ALWAYS_SEARCH_USER_PATHS = NO;
				CLANG_CXX_LANGUAGE_STANDARD = "gnu++0x";
				CLANG_CXX_LIBRARY = "libc++";
				CLANG_ENABLE_MODULES = YES;
				CLANG_ENABLE_OBJC_ARC = YES;
				CLANG_WARN_BOOL_CONVERSION = YES;
				CLANG_WARN_CONSTANT_CONVERSION = YES;
				CLANG_WARN_DIRECT_OBJC_ISA_USAGE = YES_ERROR;
				CLANG_WARN_EMPTY_BODY = YES;
				CLANG_WARN_ENUM_CONVERSION = YES;
				CLANG_WARN_INT_CONVERSION = YES;
				CLANG_WARN_OBJC_ROOT_CLASS = YES_ERROR;
				CLANG_WARN__DUPLICATE_METHOD_MATCH = YES;
				"CODE_SIGN_IDENTITY[sdk=iphoneos*]" = "iPhone Developer";
				COPY_PHASE_STRIP = YES;
				ENABLE_NS_ASSERTIONS = NO;
				GCC_C_LANGUAGE_STANDARD = gnu99;
				GCC_WARN_64_TO_32_BIT_CONVERSION = YES;
				GCC_WARN_ABOUT_RETURN_TYPE = YES_ERROR;
				GCC_WARN_UNDECLARED_SELECTOR = YES;
				GCC_WARN_UNINITIALIZED_AUTOS = YES_AGGRESSIVE;
				GCC_WARN_UNUSED_FUNCTION = YES;
				GCC_WARN_UNUSED_VARIABLE = YES;
				IPHONEOS_DEPLOYMENT_TARGET = 7.1;
				SDKROOT = iphoneos;
				VALIDATE_PRODUCT = YES;
			};
			name = Release;
		};
		8516626B1C5705EE00F44DB7 /* Debug */ = {
			isa = XCBuildConfiguration;
			buildSettings = {
				ASSETCATALOG_COMPILER_APPICON_NAME = AppIcon;
				ASSETCATALOG_COMPILER_LAUNCHIMAGE_NAME = LaunchImage;
				GCC_PRECOMPILE_PREFIX_HEADER = YES;
				GCC_PREFIX_HEADER = "GCD/GCD-Prefix.pch";
				INFOPLIST_FILE = "GCD/GCD-Info.plist";
				PRODUCT_NAME = "$(TARGET_NAME)";
				WRAPPER_EXTENSION = app;
			};
			name = Debug;
		};
		8516626C1C5705EE00F44DB7 /* Release */ = {
			isa = XCBuildConfiguration;
			buildSettings = {
				ASSETCATALOG_COMPILER_APPICON_NAME = AppIcon;
				ASSETCATALOG_COMPILER_LAUNCHIMAGE_NAME = LaunchImage;
				GCC_PRECOMPILE_PREFIX_HEADER = YES;
				GCC_PREFIX_HEADER = "GCD/GCD-Prefix.pch";
				INFOPLIST_FILE = "GCD/GCD-Info.plist";
				PRODUCT_NAME = "$(TARGET_NAME)";
				WRAPPER_EXTENSION = app;
			};
			name = Release;
		};
		8516626E1C5705EE00F44DB7 /* Debug */ = {
			isa = XCBuildConfiguration;
			buildSettings = {
				BUNDLE_LOADER = "$(BUILT_PRODUCTS_DIR)/GCD.app/GCD";
				FRAMEWORK_SEARCH_PATHS = (
					"$(SDKROOT)/Developer/Library/Frameworks",
					"$(inherited)",
					"$(DEVELOPER_FRAMEWORKS_DIR)",
				);
				GCC_PRECOMPILE_PREFIX_HEADER = YES;
				GCC_PREFIX_HEADER = "GCD/GCD-Prefix.pch";
				GCC_PREPROCESSOR_DEFINITIONS = (
					"DEBUG=1",
					"$(inherited)",
				);
				INFOPLIST_FILE = "GCDTests/GCDTests-Info.plist";
				PRODUCT_NAME = "$(TARGET_NAME)";
				TEST_HOST = "$(BUNDLE_LOADER)";
				WRAPPER_EXTENSION = xctest;
			};
			name = Debug;
		};
		8516626F1C5705EE00F44DB7 /* Release */ = {
			isa = XCBuildConfiguration;
			buildSettings = {
				BUNDLE_LOADER = "$(BUILT_PRODUCTS_DIR)/GCD.app/GCD";
				FRAMEWORK_SEARCH_PATHS = (
					"$(SDKROOT)/Developer/Library/Frameworks",
					"$(inherited)",
					"$(DEVELOPER_FRAMEWORKS_DIR)",
				);
				GCC_PRECOMPILE_PREFIX_HEADER = YES;
				GCC_PREFIX_HEADER = "GCD/GCD-Prefix.pch";
				INFOPLIST_FILE = "GCDTests/GCDTests-Info.plist";
				PRODUCT_NAME = "$(TARGET_NAME)";
				TEST_HOST = "$(BUNDLE_LOADER)";
				WRAPPER_EXTENSION = xctest;
			};
			name = Release;
		};
/* End XCBuildConfiguration section */

/* Begin XCConfigurationList section */
		851662391C5705ED00F44DB7 /* Build configuration list for PBXProject "GCD" */ = {
			isa = XCConfigurationList;
			buildConfigurations = (
				851662681C5705EE00F44DB7 /* Debug */,
				851662691C5705EE00F44DB7 /* Release */,
			);
			defaultConfigurationIsVisible = 0;
			defaultConfigurationName = Release;
		};
		8516626A1C5705EE00F44DB7 /* Build configuration list for PBXNativeTarget "GCD" */ = {
			isa = XCConfigurationList;
			buildConfigurations = (
				8516626B1C5705EE00F44DB7 /* Debug */,
				8516626C1C5705EE00F44DB7 /* Release */,
			);
			defaultConfigurationIsVisible = 0;
		};
		8516626D1C5705EE00F44DB7 /* Build configuration list for PBXNativeTarget "GCDTests" */ = {
			isa = XCConfigurationList;
			buildConfigurations = (
				8516626E1C5705EE00F44DB7 /* Debug */,
				8516626F1C5705EE00F44DB7 /* Release */,
			);
			defaultConfigurationIsVisible = 0;
		};
/* End XCConfigurationList section */
	};
	rootObject = 851662361C5705ED00F44DB7 /* Project object */;
}
