// !$*UTF8*$!
{
	archiveVersion = 1;
	classes = {
	};
	objectVersion = 46;
	objects = {

/* Begin PBXBuildFile section */
		8527EC4A1C5852F400ED62D6 /* Foundation.framework in Frameworks */ = {isa = PBXBuildFile; fileRef = 8527EC491C5852F400ED62D6 /* Foundation.framework */; };
		8527EC4C1C5852F400ED62D6 /* CoreGraphics.framework in Frameworks */ = {isa = PBXBuildFile; fileRef = 8527EC4B1C5852F400ED62D6 /* CoreGraphics.framework */; };
		8527EC4E1C5852F400ED62D6 /* UIKit.framework in Frameworks */ = {isa = PBXBuildFile; fileRef = 8527EC4D1C5852F400ED62D6 /* UIKit.framework */; };
		8527EC541C5852F400ED62D6 /* InfoPlist.strings in Resources */ = {isa = PBXBuildFile; fileRef = 8527EC521C5852F400ED62D6 /* InfoPlist.strings */; };
		8527EC561C5852F400ED62D6 /* main.m in Sources */ = {isa = PBXBuildFile; fileRef = 8527EC551C5852F400ED62D6 /* main.m */; };
		8527EC5A1C5852F400ED62D6 /* SQAppDelegate.m in Sources */ = {isa = PBXBuildFile; fileRef = 8527EC591C5852F400ED62D6 /* SQAppDelegate.m */; };
		8527EC5C1C5852F400ED62D6 /* Images.xcassets in Resources */ = {isa = PBXBuildFile; fileRef = 8527EC5B1C5852F400ED62D6 /* Images.xcassets */; };
		8527EC631C5852F400ED62D6 /* XCTest.framework in Frameworks */ = {isa = PBXBuildFile; fileRef = 8527EC621C5852F400ED62D6 /* XCTest.framework */; };
		8527EC641C5852F400ED62D6 /* Foundation.framework in Frameworks */ = {isa = PBXBuildFile; fileRef = 8527EC491C5852F400ED62D6 /* Foundation.framework */; };
		8527EC651C5852F400ED62D6 /* UIKit.framework in Frameworks */ = {isa = PBXBuildFile; fileRef = 8527EC4D1C5852F400ED62D6 /* UIKit.framework */; };
		8527EC6D1C5852F400ED62D6 /* InfoPlist.strings in Resources */ = {isa = PBXBuildFile; fileRef = 8527EC6B1C5852F400ED62D6 /* InfoPlist.strings */; };
		8527EC6F1C5852F400ED62D6 /* GCDPlus2Tests.m in Sources */ = {isa = PBXBuildFile; fileRef = 8527EC6E1C5852F400ED62D6 /* GCDPlus2Tests.m */; };
/* End PBXBuildFile section */

/* Begin PBXContainerItemProxy section */
		8527EC661C5852F400ED62D6 /* PBXContainerItemProxy */ = {
			isa = PBXContainerItemProxy;
			containerPortal = 8527EC3E1C5852F400ED62D6 /* Project object */;
			proxyType = 1;
			remoteGlobalIDString = 8527EC451C5852F400ED62D6;
			remoteInfo = GCDPlus2;
		};
/* End PBXContainerItemProxy section */

/* Begin PBXFileReference section */
		8527EC461C5852F400ED62D6 /* GCDPlus2.app */ = {isa = PBXFileReference; explicitFileType = wrapper.application; includeInIndex = 0; path = GCDPlus2.app; sourceTree = BUILT_PRODUCTS_DIR; };
		8527EC491C5852F400ED62D6 /* Foundation.framework */ = {isa = PBXFileReference; lastKnownFileType = wrapper.framework; name = Foundation.framework; path = System/Library/Frameworks/Foundation.framework; sourceTree = SDKROOT; };
		8527EC4B1C5852F400ED62D6 /* CoreGraphics.framework */ = {isa = PBXFileReference; lastKnownFileType = wrapper.framework; name = CoreGraphics.framework; path = System/Library/Frameworks/CoreGraphics.framework; sourceTree = SDKROOT; };
		8527EC4D1C5852F400ED62D6 /* UIKit.framework */ = {isa = PBXFileReference; lastKnownFileType = wrapper.framework; name = UIKit.framework; path = System/Library/Frameworks/UIKit.framework; sourceTree = SDKROOT; };
		8527EC511C5852F400ED62D6 /* GCDPlus2-Info.plist */ = {isa = PBXFileReference; lastKnownFileType = text.plist.xml; path = "GCDPlus2-Info.plist"; sourceTree = "<group>"; };
		8527EC531C5852F400ED62D6 /* en */ = {isa = PBXFileReference; lastKnownFileType = text.plist.strings; name = en; path = en.lproj/InfoPlist.strings; sourceTree = "<group>"; };
		8527EC551C5852F400ED62D6 /* main.m */ = {isa = PBXFileReference; lastKnownFileType = sourcecode.c.objc; path = main.m; sourceTree = "<group>"; };
		8527EC571C5852F400ED62D6 /* GCDPlus2-Prefix.pch */ = {isa = PBXFileReference; lastKnownFileType = sourcecode.c.h; path = "GCDPlus2-Prefix.pch"; sourceTree = "<group>"; };
		8527EC581C5852F400ED62D6 /* SQAppDelegate.h */ = {isa = PBXFileReference; lastKnownFileType = sourcecode.c.h; path = SQAppDelegate.h; sourceTree = "<group>"; };
		8527EC591C5852F400ED62D6 /* SQAppDelegate.m */ = {isa = PBXFileReference; lastKnownFileType = sourcecode.c.objc; path = SQAppDelegate.m; sourceTree = "<group>"; };
		8527EC5B1C5852F400ED62D6 /* Images.xcassets */ = {isa = PBXFileReference; lastKnownFileType = folder.assetcatalog; path = Images.xcassets; sourceTree = "<group>"; };
		8527EC611C5852F400ED62D6 /* GCDPlus2Tests.xctest */ = {isa = PBXFileReference; explicitFileType = wrapper.cfbundle; includeInIndex = 0; path = GCDPlus2Tests.xctest; sourceTree = BUILT_PRODUCTS_DIR; };
		8527EC621C5852F400ED62D6 /* XCTest.framework */ = {isa = PBXFileReference; lastKnownFileType = wrapper.framework; name = XCTest.framework; path = Library/Frameworks/XCTest.framework; sourceTree = DEVELOPER_DIR; };
		8527EC6A1C5852F400ED62D6 /* GCDPlus2Tests-Info.plist */ = {isa = PBXFileReference; lastKnownFileType = text.plist.xml; path = "GCDPlus2Tests-Info.plist"; sourceTree = "<group>"; };
		8527EC6C1C5852F400ED62D6 /* en */ = {isa = PBXFileReference; lastKnownFileType = text.plist.strings; name = en; path = en.lproj/InfoPlist.strings; sourceTree = "<group>"; };
		8527EC6E1C5852F400ED62D6 /* GCDPlus2Tests.m */ = {isa = PBXFileReference; lastKnownFileType = sourcecode.c.objc; path = GCDPlus2Tests.m; sourceTree = "<group>"; };
/* End PBXFileReference section */

/* Begin PBXFrameworksBuildPhase section */
		8527EC431C5852F400ED62D6 /* Frameworks */ = {
			isa = PBXFrameworksBuildPhase;
			buildActionMask = 2147483647;
			files = (
				8527EC4C1C5852F400ED62D6 /* CoreGraphics.framework in Frameworks */,
				8527EC4E1C5852F400ED62D6 /* UIKit.framework in Frameworks */,
				8527EC4A1C5852F400ED62D6 /* Foundation.framework in Frameworks */,
			);
			runOnlyForDeploymentPostprocessing = 0;
		};
		8527EC5E1C5852F400ED62D6 /* Frameworks */ = {
			isa = PBXFrameworksBuildPhase;
			buildActionMask = 2147483647;
			files = (
				8527EC631C5852F400ED62D6 /* XCTest.framework in Frameworks */,
				8527EC651C5852F400ED62D6 /* UIKit.framework in Frameworks */,
				8527EC641C5852F400ED62D6 /* Foundation.framework in Frameworks */,
			);
			runOnlyForDeploymentPostprocessing = 0;
		};
/* End PBXFrameworksBuildPhase section */

/* Begin PBXGroup section */
		8527EC3D1C5852F400ED62D6 = {
			isa = PBXGroup;
			children = (
				8527EC4F1C5852F400ED62D6 /* GCDPlus2 */,
				8527EC681C5852F400ED62D6 /* GCDPlus2Tests */,
				8527EC481C5852F400ED62D6 /* Frameworks */,
				8527EC471C5852F400ED62D6 /* Products */,
			);
			sourceTree = "<group>";
		};
		8527EC471C5852F400ED62D6 /* Products */ = {
			isa = PBXGroup;
			children = (
				8527EC461C5852F400ED62D6 /* GCDPlus2.app */,
				8527EC611C5852F400ED62D6 /* GCDPlus2Tests.xctest */,
			);
			name = Products;
			sourceTree = "<group>";
		};
		8527EC481C5852F400ED62D6 /* Frameworks */ = {
			isa = PBXGroup;
			children = (
				8527EC491C5852F400ED62D6 /* Foundation.framework */,
				8527EC4B1C5852F400ED62D6 /* CoreGraphics.framework */,
				8527EC4D1C5852F400ED62D6 /* UIKit.framework */,
				8527EC621C5852F400ED62D6 /* XCTest.framework */,
			);
			name = Frameworks;
			sourceTree = "<group>";
		};
		8527EC4F1C5852F400ED62D6 /* GCDPlus2 */ = {
			isa = PBXGroup;
			children = (
				8527EC581C5852F400ED62D6 /* SQAppDelegate.h */,
				8527EC591C5852F400ED62D6 /* SQAppDelegate.m */,
				8527EC5B1C5852F400ED62D6 /* Images.xcassets */,
				8527EC501C5852F400ED62D6 /* Supporting Files */,
			);
			path = GCDPlus2;
			sourceTree = "<group>";
		};
		8527EC501C5852F400ED62D6 /* Supporting Files */ = {
			isa = PBXGroup;
			children = (
				8527EC511C5852F400ED62D6 /* GCDPlus2-Info.plist */,
				8527EC521C5852F400ED62D6 /* InfoPlist.strings */,
				8527EC551C5852F400ED62D6 /* main.m */,
				8527EC571C5852F400ED62D6 /* GCDPlus2-Prefix.pch */,
			);
			name = "Supporting Files";
			sourceTree = "<group>";
		};
		8527EC681C5852F400ED62D6 /* GCDPlus2Tests */ = {
			isa = PBXGroup;
			children = (
				8527EC6E1C5852F400ED62D6 /* GCDPlus2Tests.m */,
				8527EC691C5852F400ED62D6 /* Supporting Files */,
			);
			path = GCDPlus2Tests;
			sourceTree = "<group>";
		};
		8527EC691C5852F400ED62D6 /* Supporting Files */ = {
			isa = PBXGroup;
			children = (
				8527EC6A1C5852F400ED62D6 /* GCDPlus2Tests-Info.plist */,
				8527EC6B1C5852F400ED62D6 /* InfoPlist.strings */,
			);
			name = "Supporting Files";
			sourceTree = "<group>";
		};
/* End PBXGroup section */

/* Begin PBXNativeTarget section */
		8527EC451C5852F400ED62D6 /* GCDPlus2 */ = {
			isa = PBXNativeTarget;
			buildConfigurationList = 8527EC721C5852F400ED62D6 /* Build configuration list for PBXNativeTarget "GCDPlus2" */;
			buildPhases = (
				8527EC421C5852F400ED62D6 /* Sources */,
				8527EC431C5852F400ED62D6 /* Frameworks */,
				8527EC441C5852F400ED62D6 /* Resources */,
			);
			buildRules = (
			);
			dependencies = (
			);
			name = GCDPlus2;
			productName = GCDPlus2;
			productReference = 8527EC461C5852F400ED62D6 /* GCDPlus2.app */;
			productType = "com.apple.product-type.application";
		};
		8527EC601C5852F400ED62D6 /* GCDPlus2Tests */ = {
			isa = PBXNativeTarget;
			buildConfigurationList = 8527EC751C5852F400ED62D6 /* Build configuration list for PBXNativeTarget "GCDPlus2Tests" */;
			buildPhases = (
				8527EC5D1C5852F400ED62D6 /* Sources */,
				8527EC5E1C5852F400ED62D6 /* Frameworks */,
				8527EC5F1C5852F400ED62D6 /* Resources */,
			);
			buildRules = (
			);
			dependencies = (
				8527EC671C5852F400ED62D6 /* PBXTargetDependency */,
			);
			name = GCDPlus2Tests;
			productName = GCDPlus2Tests;
			productReference = 8527EC611C5852F400ED62D6 /* GCDPlus2Tests.xctest */;
			productType = "com.apple.product-type.bundle.unit-test";
		};
/* End PBXNativeTarget section */

/* Begin PBXProject section */
		8527EC3E1C5852F400ED62D6 /* Project object */ = {
			isa = PBXProject;
			attributes = {
				CLASSPREFIX = SQ;
				LastUpgradeCheck = 0510;
				ORGANIZATIONNAME = "QQ:565007544";
				TargetAttributes = {
					8527EC601C5852F400ED62D6 = {
						TestTargetID = 8527EC451C5852F400ED62D6;
					};
				};
			};
			buildConfigurationList = 8527EC411C5852F400ED62D6 /* Build configuration list for PBXProject "GCDPlus2" */;
			compatibilityVersion = "Xcode 3.2";
			developmentRegion = English;
			hasScannedForEncodings = 0;
			knownRegions = (
				en,
			);
			mainGroup = 8527EC3D1C5852F400ED62D6;
			productRefGroup = 8527EC471C5852F400ED62D6 /* Products */;
			projectDirPath = "";
			projectRoot = "";
			targets = (
				8527EC451C5852F400ED62D6 /* GCDPlus2 */,
				8527EC601C5852F400ED62D6 /* GCDPlus2Tests */,
			);
		};
/* End PBXProject section */

/* Begin PBXResourcesBuildPhase section */
		8527EC441C5852F400ED62D6 /* Resources */ = {
			isa = PBXResourcesBuildPhase;
			buildActionMask = 2147483647;
			files = (
				8527EC541C5852F400ED62D6 /* InfoPlist.strings in Resources */,
				8527EC5C1C5852F400ED62D6 /* Images.xcassets in Resources */,
			);
			runOnlyForDeploymentPostprocessing = 0;
		};
		8527EC5F1C5852F400ED62D6 /* Resources */ = {
			isa = PBXResourcesBuildPhase;
			buildActionMask = 2147483647;
			files = (
				8527EC6D1C5852F400ED62D6 /* InfoPlist.strings in Resources */,
			);
			runOnlyForDeploymentPostprocessing = 0;
		};
/* End PBXResourcesBuildPhase section */

/* Begin PBXSourcesBuildPhase section */
		8527EC421C5852F400ED62D6 /* Sources */ = {
			isa = PBXSourcesBuildPhase;
			buildActionMask = 2147483647;
			files = (
				8527EC5A1C5852F400ED62D6 /* SQAppDelegate.m in Sources */,
				8527EC561C5852F400ED62D6 /* main.m in Sources */,
			);
			runOnlyForDeploymentPostprocessing = 0;
		};
		8527EC5D1C5852F400ED62D6 /* Sources */ = {
			isa = PBXSourcesBuildPhase;
			buildActionMask = 2147483647;
			files = (
				8527EC6F1C5852F400ED62D6 /* GCDPlus2Tests.m in Sources */,
			);
			runOnlyForDeploymentPostprocessing = 0;
		};
/* End PBXSourcesBuildPhase section */

/* Begin PBXTargetDependency section */
		8527EC671C5852F400ED62D6 /* PBXTargetDependency */ = {
			isa = PBXTargetDependency;
			target = 8527EC451C5852F400ED62D6 /* GCDPlus2 */;
			targetProxy = 8527EC661C5852F400ED62D6 /* PBXContainerItemProxy */;
		};
/* End PBXTargetDependency section */

/* Begin PBXVariantGroup section */
		8527EC521C5852F400ED62D6 /* InfoPlist.strings */ = {
			isa = PBXVariantGroup;
			children = (
				8527EC531C5852F400ED62D6 /* en */,
			);
			name = InfoPlist.strings;
			sourceTree = "<group>";
		};
		8527EC6B1C5852F400ED62D6 /* InfoPlist.strings */ = {
			isa = PBXVariantGroup;
			children = (
				8527EC6C1C5852F400ED62D6 /* en */,
			);
			name = InfoPlist.strings;
			sourceTree = "<group>";
		};
/* End PBXVariantGroup section */

/* Begin XCBuildConfiguration section */
		8527EC701C5852F400ED62D6 /* Debug */ = {
			isa = XCBuildConfiguration;
			buildSettings = {
				ALWAYS_SEARCH_USER_PATHS = NO;
				CLANG_CXX_LANGUAGE_STANDARD = "gnu++0x";
				CLANG_CXX_LIBRARY = "libc++";
				CLANG_ENABLE_MODULES = YES;
				CLANG_ENABLE_OBJC_ARC = YES;
				CLANG_WARN_BOOL_CONVERSION = YES;
				CLANG_WARN_CONSTANT_CONVERSION = YES;
				CLANG_WARN_DIRECT_OBJC_ISA_USAGE = YES_ERROR;
				CLANG_WARN_EMPTY_BODY = YES;
				CLANG_WARN_ENUM_CONVERSION = YES;
				CLANG_WARN_INT_CONVERSION = YES;
				CLANG_WARN_OBJC_ROOT_CLASS = YES_ERROR;
				CLANG_WARN__DUPLICATE_METHOD_MATCH = YES;
				"CODE_SIGN_IDENTITY[sdk=iphoneos*]" = "iPhone Developer";
				COPY_PHASE_STRIP = NO;
				GCC_C_LANGUAGE_STANDARD = gnu99;
				GCC_DYNAMIC_NO_PIC = NO;
				GCC_OPTIMIZATION_LEVEL = 0;
				GCC_PREPROCESSOR_DEFINITIONS = (
					"DEBUG=1",
					"$(inherited)",
				);
				GCC_SYMBOLS_PRIVATE_EXTERN = NO;
				GCC_WARN_64_TO_32_BIT_CONVERSION = YES;
				GCC_WARN_ABOUT_RETURN_TYPE = YES_ERROR;
				GCC_WARN_UNDECLARED_SELECTOR = YES;
				GCC_WARN_UNINITIALIZED_AUTOS = YES_AGGRESSIVE;
				GCC_WARN_UNUSED_FUNCTION = YES;
				GCC_WARN_UNUSED_VARIABLE = YES;
				IPHONEOS_DEPLOYMENT_TARGET = 7.1;
				ONLY_ACTIVE_ARCH = YES;
				SDKROOT = iphoneos;
			};
			name = Debug;
		};
		8527EC711C5852F400ED62D6 /* Release */ = {
			isa = XCBuildConfiguration;
			buildSettings = {
				ALWAYS_SEARCH_USER_PATHS = NO;
				CLANG_CXX_LANGUAGE_STANDARD = "gnu++0x";
				CLANG_CXX_LIBRARY = "libc++";
				CLANG_ENABLE_MODULES = YES;
				CLANG_ENABLE_OBJC_ARC = YES;
				CLANG_WARN_BOOL_CONVERSION = YES;
				CLANG_WARN_CONSTANT_CONVERSION = YES;
				CLANG_WARN_DIRECT_OBJC_ISA_USAGE = YES_ERROR;
				CLANG_WARN_EMPTY_BODY = YES;
				CLANG_WARN_ENUM_CONVERSION = YES;
				CLANG_WARN_INT_CONVERSION = YES;
				CLANG_WARN_OBJC_ROOT_CLASS = YES_ERROR;
				CLANG_WARN__DUPLICATE_METHOD_MATCH = YES;
				"CODE_SIGN_IDENTITY[sdk=iphoneos*]" = "iPhone Developer";
				COPY_PHASE_STRIP = YES;
				ENABLE_NS_ASSERTIONS = NO;
				GCC_C_LANGUAGE_STANDARD = gnu99;
				GCC_WARN_64_TO_32_BIT_CONVERSION = YES;
				GCC_WARN_ABOUT_RETURN_TYPE = YES_ERROR;
				GCC_WARN_UNDECLARED_SELECTOR = YES;
				GCC_WARN_UNINITIALIZED_AUTOS = YES_AGGRESSIVE;
				GCC_WARN_UNUSED_FUNCTION = YES;
				GCC_WARN_UNUSED_VARIABLE = YES;
				IPHONEOS_DEPLOYMENT_TARGET = 7.1;
				SDKROOT = iphoneos;
				VALIDATE_PRODUCT = YES;
			};
			name = Release;
		};
		8527EC731C5852F400ED62D6 /* Debug */ = {
			isa = XCBuildConfiguration;
			buildSettings = {
				ASSETCATALOG_COMPILER_APPICON_NAME = AppIcon;
				ASSETCATALOG_COMPILER_LAUNCHIMAGE_NAME = LaunchImage;
				GCC_PRECOMPILE_PREFIX_HEADER = YES;
				GCC_PREFIX_HEADER = "GCDPlus2/GCDPlus2-Prefix.pch";
				INFOPLIST_FILE = "GCDPlus2/GCDPlus2-Info.plist";
				PRODUCT_NAME = "$(TARGET_NAME)";
				WRAPPER_EXTENSION = app;
			};
			name = Debug;
		};
		8527EC741C5852F400ED62D6 /* Release */ = {
			isa = XCBuildConfiguration;
			buildSettings = {
				ASSETCATALOG_COMPILER_APPICON_NAME = AppIcon;
				ASSETCATALOG_COMPILER_LAUNCHIMAGE_NAME = LaunchImage;
				GCC_PRECOMPILE_PREFIX_HEADER = YES;
				GCC_PREFIX_HEADER = "GCDPlus2/GCDPlus2-Prefix.pch";
				INFOPLIST_FILE = "GCDPlus2/GCDPlus2-Info.plist";
				PRODUCT_NAME = "$(TARGET_NAME)";
				WRAPPER_EXTENSION = app;
			};
			name = Release;
		};
		8527EC761C5852F400ED62D6 /* Debug */ = {
			isa = XCBuildConfiguration;
			buildSettings = {
				BUNDLE_LOADER = "$(BUILT_PRODUCTS_DIR)/GCDPlus2.app/GCDPlus2";
				FRAMEWORK_SEARCH_PATHS = (
					"$(SDKROOT)/Developer/Library/Frameworks",
					"$(inherited)",
					"$(DEVELOPER_FRAMEWORKS_DIR)",
				);
				GCC_PRECOMPILE_PREFIX_HEADER = YES;
				GCC_PREFIX_HEADER = "GCDPlus2/GCDPlus2-Prefix.pch";
				GCC_PREPROCESSOR_DEFINITIONS = (
					"DEBUG=1",
					"$(inherited)",
				);
				INFOPLIST_FILE = "GCDPlus2Tests/GCDPlus2Tests-Info.plist";
				PRODUCT_NAME = "$(TARGET_NAME)";
				TEST_HOST = "$(BUNDLE_LOADER)";
				WRAPPER_EXTENSION = xctest;
			};
			name = Debug;
		};
		8527EC771C5852F400ED62D6 /* Release */ = {
			isa = XCBuildConfiguration;
			buildSettings = {
				BUNDLE_LOADER = "$(BUILT_PRODUCTS_DIR)/GCDPlus2.app/GCDPlus2";
				FRAMEWORK_SEARCH_PATHS = (
					"$(SDKROOT)/Developer/Library/Frameworks",
					"$(inherited)",
					"$(DEVELOPER_FRAMEWORKS_DIR)",
				);
				GCC_PRECOMPILE_PREFIX_HEADER = YES;
				GCC_PREFIX_HEADER = "GCDPlus2/GCDPlus2-Prefix.pch";
				INFOPLIST_FILE = "GCDPlus2Tests/GCDPlus2Tests-Info.plist";
				PRODUCT_NAME = "$(TARGET_NAME)";
				TEST_HOST = "$(BUNDLE_LOADER)";
				WRAPPER_EXTENSION = xctest;
			};
			name = Release;
		};
/* End XCBuildConfiguration section */

/* Begin XCConfigurationList section */
		8527EC411C5852F400ED62D6 /* Build configuration list for PBXProject "GCDPlus2" */ = {
			isa = XCConfigurationList;
			buildConfigurations = (
				8527EC701C5852F400ED62D6 /* Debug */,
				8527EC711C5852F400ED62D6 /* Release */,
			);
			defaultConfigurationIsVisible = 0;
			defaultConfigurationName = Release;
		};
		8527EC721C5852F400ED62D6 /* Build configuration list for PBXNativeTarget "GCDPlus2" */ = {
			isa = XCConfigurationList;
			buildConfigurations = (
				8527EC731C5852F400ED62D6 /* Debug */,
				8527EC741C5852F400ED62D6 /* Release */,
			);
			defaultConfigurationIsVisible = 0;
		};
		8527EC751C5852F400ED62D6 /* Build configuration list for PBXNativeTarget "GCDPlus2Tests" */ = {
			isa = XCConfigurationList;
			buildConfigurations = (
				8527EC761C5852F400ED62D6 /* Debug */,
				8527EC771C5852F400ED62D6 /* Release */,
			);
			defaultConfigurationIsVisible = 0;
		};
/* End XCConfigurationList section */
	};
	rootObject = 8527EC3E1C5852F400ED62D6 /* Project object */;
}
